
Microsoft Visual Studio Solution File, Format Version 12.00
# Visual Studio Version 17
VisualStudioVersion = 17.10.35013.160
MinimumVisualStudioVersion = 10.0.40219.1
Project("{2150E333-8FDC-42A3-9474-1A3956D46DE8}") = "Solution Items", "Solution Items", "{655C43AB-529E-46A7-A621-DCB6149A020D}"
	ProjectSection(SolutionItems) = preProject
		Directory.Build.props = Directory.Build.props
	EndProjectSection
EndProject
Project("{8BC9CEB8-8B4A-11D0-8D11-00A0C91BC942}") = "Venus", "Venus\Venus.vcxproj", "{6FB0F17D-96BB-4FFA-985E-08D6D690A16B}"
EndProject
Project("{8BC9CEB8-8B4A-11D0-8D11-00A0C91BC942}") = "CppWinRTComponent", "CppWinRTComponent\CppWinRTComponent.vcxproj", "{C7553FB9-0DF2-4EDB-9316-5B1852A444BF}"
EndProject
Project("{9A19103F-16F7-4668-BE54-9A1E7A4F7556}") = "CppWinRTProjection", "CppWinRTProjection\CppWinRTProjection.csproj", "{6DF0CCD2-2550-40B2-99DA-9B3105E699DA}"
EndProject
Project("{9A19103F-16F7-4668-BE54-9A1E7A4F7556}") = "CsWinRTApp", "CsWinRTApp\CsWinRTApp.csproj", "{D0538C44-00A6-4B98-8E5D-36990C981F66}"
EndProject
Project("{8BC9CEB8-8B4A-11D0-8D11-00A0C91BC942}") = "CppCLI", "CppCLI\CppCLI.vcxproj", "{FBDF9107-4348-45A3-B4DB-526667655B52}"
EndProject
Project("{8BC9CEB8-8B4A-11D0-8D11-00A0C91BC942}") = "MultiverseWindows", "..\build\windows\windows\MultiverseWindows.vcxproj", "{1047B5D5-CF87-3F35-AF23-A5039A37DFEC}"
EndProject
Global
	GlobalSection(SolutionConfigurationPlatforms) = preSolution
		Debug|ARM64 = Debug|ARM64
		Debug|x64 = Debug|x64
		Debug|x86 = Debug|x86
		MinSizeRel|ARM64 = MinSizeRel|ARM64
		MinSizeRel|x64 = MinSizeRel|x64
		MinSizeRel|x86 = MinSizeRel|x86
		Release|ARM64 = Release|ARM64
		Release|x64 = Release|x64
		Release|x86 = Release|x86
		RelWithDebInfo|ARM64 = RelWithDebInfo|ARM64
		RelWithDebInfo|x64 = RelWithDebInfo|x64
		RelWithDebInfo|x86 = RelWithDebInfo|x86
	EndGlobalSection
	GlobalSection(ProjectConfigurationPlatforms) = postSolution
		{6FB0F17D-96BB-4FFA-985E-08D6D690A16B}.Debug|ARM64.ActiveCfg = Debug|x64
		{6FB0F17D-96BB-4FFA-985E-08D6D690A16B}.Debug|ARM64.Build.0 = Debug|x64
		{6FB0F17D-96BB-4FFA-985E-08D6D690A16B}.Debug|ARM64.Deploy.0 = Debug|x64
		{6FB0F17D-96BB-4FFA-985E-08D6D690A16B}.Debug|x64.ActiveCfg = Debug|x64
		{6FB0F17D-96BB-4FFA-985E-08D6D690A16B}.Debug|x64.Build.0 = Debug|x64
		{6FB0F17D-96BB-4FFA-985E-08D6D690A16B}.Debug|x64.Deploy.0 = Debug|x64
		{6FB0F17D-96BB-4FFA-985E-08D6D690A16B}.Debug|x86.ActiveCfg = Debug|x64
		{6FB0F17D-96BB-4FFA-985E-08D6D690A16B}.Debug|x86.Build.0 = Debug|x64
		{6FB0F17D-96BB-4FFA-985E-08D6D690A16B}.Debug|x86.Deploy.0 = Debug|x64
		{6FB0F17D-96BB-4FFA-985E-08D6D690A16B}.MinSizeRel|ARM64.ActiveCfg = Release|x64
		{6FB0F17D-96BB-4FFA-985E-08D6D690A16B}.MinSizeRel|ARM64.Build.0 = Release|x64
		{6FB0F17D-96BB-4FFA-985E-08D6D690A16B}.MinSizeRel|ARM64.Deploy.0 = Release|x64
		{6FB0F17D-96BB-4FFA-985E-08D6D690A16B}.MinSizeRel|x64.ActiveCfg = Release|x64
		{6FB0F17D-96BB-4FFA-985E-08D6D690A16B}.MinSizeRel|x64.Build.0 = Release|x64
		{6FB0F17D-96BB-4FFA-985E-08D6D690A16B}.MinSizeRel|x64.Deploy.0 = Release|x64
		{6FB0F17D-96BB-4FFA-985E-08D6D690A16B}.MinSizeRel|x86.ActiveCfg = Release|x64
		{6FB0F17D-96BB-4FFA-985E-08D6D690A16B}.MinSizeRel|x86.Build.0 = Release|x64
		{6FB0F17D-96BB-4FFA-985E-08D6D690A16B}.MinSizeRel|x86.Deploy.0 = Release|x64
		{6FB0F17D-96BB-4FFA-985E-08D6D690A16B}.Release|ARM64.ActiveCfg = Release|x64
		{6FB0F17D-96BB-4FFA-985E-08D6D690A16B}.Release|ARM64.Build.0 = Release|x64
		{6FB0F17D-96BB-4FFA-985E-08D6D690A16B}.Release|ARM64.Deploy.0 = Release|x64
		{6FB0F17D-96BB-4FFA-985E-08D6D690A16B}.Release|x64.ActiveCfg = Release|x64
		{6FB0F17D-96BB-4FFA-985E-08D6D690A16B}.Release|x64.Build.0 = Release|x64
		{6FB0F17D-96BB-4FFA-985E-08D6D690A16B}.Release|x64.Deploy.0 = Release|x64
		{6FB0F17D-96BB-4FFA-985E-08D6D690A16B}.Release|x86.ActiveCfg = Release|x64
		{6FB0F17D-96BB-4FFA-985E-08D6D690A16B}.Release|x86.Build.0 = Release|x64
		{6FB0F17D-96BB-4FFA-985E-08D6D690A16B}.Release|x86.Deploy.0 = Release|x64
		{6FB0F17D-96BB-4FFA-985E-08D6D690A16B}.RelWithDebInfo|ARM64.ActiveCfg = Release|x64
		{6FB0F17D-96BB-4FFA-985E-08D6D690A16B}.RelWithDebInfo|ARM64.Build.0 = Release|x64
		{6FB0F17D-96BB-4FFA-985E-08D6D690A16B}.RelWithDebInfo|ARM64.Deploy.0 = Release|x64
		{6FB0F17D-96BB-4FFA-985E-08D6D690A16B}.RelWithDebInfo|x64.ActiveCfg = Release|x64
		{6FB0F17D-96BB-4FFA-985E-08D6D690A16B}.RelWithDebInfo|x64.Build.0 = Release|x64
		{6FB0F17D-96BB-4FFA-985E-08D6D690A16B}.RelWithDebInfo|x64.Deploy.0 = Release|x64
		{6FB0F17D-96BB-4FFA-985E-08D6D690A16B}.RelWithDebInfo|x86.ActiveCfg = Release|x64
		{6FB0F17D-96BB-4FFA-985E-08D6D690A16B}.RelWithDebInfo|x86.Build.0 = Release|x64
		{6FB0F17D-96BB-4FFA-985E-08D6D690A16B}.RelWithDebInfo|x86.Deploy.0 = Release|x64
		{C7553FB9-0DF2-4EDB-9316-5B1852A444BF}.Debug|ARM64.ActiveCfg = Debug|x64
		{C7553FB9-0DF2-4EDB-9316-5B1852A444BF}.Debug|ARM64.Build.0 = Debug|x64
		{C7553FB9-0DF2-4EDB-9316-5B1852A444BF}.Debug|x64.ActiveCfg = Debug|x64
		{C7553FB9-0DF2-4EDB-9316-5B1852A444BF}.Debug|x64.Build.0 = Debug|x64
		{C7553FB9-0DF2-4EDB-9316-5B1852A444BF}.Debug|x86.ActiveCfg = Debug|x64
		{C7553FB9-0DF2-4EDB-9316-5B1852A444BF}.Debug|x86.Build.0 = Debug|x64
		{C7553FB9-0DF2-4EDB-9316-5B1852A444BF}.MinSizeRel|ARM64.ActiveCfg = Release|x64
		{C7553FB9-0DF2-4EDB-9316-5B1852A444BF}.MinSizeRel|ARM64.Build.0 = Release|x64
		{C7553FB9-0DF2-4EDB-9316-5B1852A444BF}.MinSizeRel|x64.ActiveCfg = Debug|x64
		{C7553FB9-0DF2-4EDB-9316-5B1852A444BF}.MinSizeRel|x64.Build.0 = Debug|x64
		{C7553FB9-0DF2-4EDB-9316-5B1852A444BF}.MinSizeRel|x86.ActiveCfg = Release|x64
		{C7553FB9-0DF2-4EDB-9316-5B1852A444BF}.MinSizeRel|x86.Build.0 = Release|x64
		{C7553FB9-0DF2-4EDB-9316-5B1852A444BF}.Release|ARM64.ActiveCfg = Release|x64
		{C7553FB9-0DF2-4EDB-9316-5B1852A444BF}.Release|ARM64.Build.0 = Release|x64
		{C7553FB9-0DF2-4EDB-9316-5B1852A444BF}.Release|x64.ActiveCfg = Release|x64
		{C7553FB9-0DF2-4EDB-9316-5B1852A444BF}.Release|x64.Build.0 = Release|x64
		{C7553FB9-0DF2-4EDB-9316-5B1852A444BF}.Release|x86.ActiveCfg = Release|x64
		{C7553FB9-0DF2-4EDB-9316-5B1852A444BF}.Release|x86.Build.0 = Release|x64
		{C7553FB9-0DF2-4EDB-9316-5B1852A444BF}.RelWithDebInfo|ARM64.ActiveCfg = Release|x64
		{C7553FB9-0DF2-4EDB-9316-5B1852A444BF}.RelWithDebInfo|ARM64.Build.0 = Release|x64
		{C7553FB9-0DF2-4EDB-9316-5B1852A444BF}.RelWithDebInfo|x64.ActiveCfg = Release|x64
		{C7553FB9-0DF2-4EDB-9316-5B1852A444BF}.RelWithDebInfo|x64.Build.0 = Release|x64
		{C7553FB9-0DF2-4EDB-9316-5B1852A444BF}.RelWithDebInfo|x86.ActiveCfg = Release|x64
		{C7553FB9-0DF2-4EDB-9316-5B1852A444BF}.RelWithDebInfo|x86.Build.0 = Release|x64
		{6DF0CCD2-2550-40B2-99DA-9B3105E699DA}.Debug|ARM64.ActiveCfg = Debug|Any CPU
		{6DF0CCD2-2550-40B2-99DA-9B3105E699DA}.Debug|ARM64.Build.0 = Debug|Any CPU
		{6DF0CCD2-2550-40B2-99DA-9B3105E699DA}.Debug|x64.ActiveCfg = Debug|x64
		{6DF0CCD2-2550-40B2-99DA-9B3105E699DA}.Debug|x64.Build.0 = Debug|x64
		{6DF0CCD2-2550-40B2-99DA-9B3105E699DA}.Debug|x86.ActiveCfg = Debug|Any CPU
		{6DF0CCD2-2550-40B2-99DA-9B3105E699DA}.Debug|x86.Build.0 = Debug|Any CPU
		{6DF0CCD2-2550-40B2-99DA-9B3105E699DA}.MinSizeRel|ARM64.ActiveCfg = Release|Any CPU
		{6DF0CCD2-2550-40B2-99DA-9B3105E699DA}.MinSizeRel|ARM64.Build.0 = Release|Any CPU
		{6DF0CCD2-2550-40B2-99DA-9B3105E699DA}.MinSizeRel|x64.ActiveCfg = Debug|Any CPU
		{6DF0CCD2-2550-40B2-99DA-9B3105E699DA}.MinSizeRel|x64.Build.0 = Debug|Any CPU
		{6DF0CCD2-2550-40B2-99DA-9B3105E699DA}.MinSizeRel|x86.ActiveCfg = Release|Any CPU
		{6DF0CCD2-2550-40B2-99DA-9B3105E699DA}.MinSizeRel|x86.Build.0 = Release|Any CPU
		{6DF0CCD2-2550-40B2-99DA-9B3105E699DA}.Release|ARM64.ActiveCfg = Release|Any CPU
		{6DF0CCD2-2550-40B2-99DA-9B3105E699DA}.Release|ARM64.Build.0 = Release|Any CPU
		{6DF0CCD2-2550-40B2-99DA-9B3105E699DA}.Release|x64.ActiveCfg = Release|Any CPU
		{6DF0CCD2-2550-40B2-99DA-9B3105E699DA}.Release|x64.Build.0 = Release|Any CPU
		{6DF0CCD2-2550-40B2-99DA-9B3105E699DA}.Release|x86.ActiveCfg = Release|Any CPU
		{6DF0CCD2-2550-40B2-99DA-9B3105E699DA}.Release|x86.Build.0 = Release|Any CPU
		{6DF0CCD2-2550-40B2-99DA-9B3105E699DA}.RelWithDebInfo|ARM64.ActiveCfg = Release|Any CPU
		{6DF0CCD2-2550-40B2-99DA-9B3105E699DA}.RelWithDebInfo|ARM64.Build.0 = Release|Any CPU
		{6DF0CCD2-2550-40B2-99DA-9B3105E699DA}.RelWithDebInfo|x64.ActiveCfg = Release|Any CPU
		{6DF0CCD2-2550-40B2-99DA-9B3105E699DA}.RelWithDebInfo|x64.Build.0 = Release|Any CPU
		{6DF0CCD2-2550-40B2-99DA-9B3105E699DA}.RelWithDebInfo|x86.ActiveCfg = Release|Any CPU
		{6DF0CCD2-2550-40B2-99DA-9B3105E699DA}.RelWithDebInfo|x86.Build.0 = Release|Any CPU
		{D0538C44-00A6-4B98-8E5D-36990C981F66}.Debug|ARM64.ActiveCfg = Debug|ARM64
		{D0538C44-00A6-4B98-8E5D-36990C981F66}.Debug|ARM64.Build.0 = Debug|ARM64
		{D0538C44-00A6-4B98-8E5D-36990C981F66}.Debug|x64.ActiveCfg = Debug|x64
		{D0538C44-00A6-4B98-8E5D-36990C981F66}.Debug|x64.Build.0 = Debug|x64
		{D0538C44-00A6-4B98-8E5D-36990C981F66}.Debug|x64.Deploy.0 = Debug|x64
		{D0538C44-00A6-4B98-8E5D-36990C981F66}.Debug|x86.ActiveCfg = Debug|x86
		{D0538C44-00A6-4B98-8E5D-36990C981F66}.Debug|x86.Build.0 = Debug|x86
		{D0538C44-00A6-4B98-8E5D-36990C981F66}.MinSizeRel|ARM64.ActiveCfg = Debug|ARM64
		{D0538C44-00A6-4B98-8E5D-36990C981F66}.MinSizeRel|ARM64.Build.0 = Debug|ARM64
		{D0538C44-00A6-4B98-8E5D-36990C981F66}.MinSizeRel|x64.ActiveCfg = Debug|x64
		{D0538C44-00A6-4B98-8E5D-36990C981F66}.MinSizeRel|x64.Build.0 = Debug|x64
		{D0538C44-00A6-4B98-8E5D-36990C981F66}.MinSizeRel|x86.ActiveCfg = Debug|x86
		{D0538C44-00A6-4B98-8E5D-36990C981F66}.MinSizeRel|x86.Build.0 = Debug|x86
		{D0538C44-00A6-4B98-8E5D-36990C981F66}.Release|ARM64.ActiveCfg = Release|ARM64
		{D0538C44-00A6-4B98-8E5D-36990C981F66}.Release|ARM64.Build.0 = Release|ARM64
		{D0538C44-00A6-4B98-8E5D-36990C981F66}.Release|x64.ActiveCfg = Release|x64
		{D0538C44-00A6-4B98-8E5D-36990C981F66}.Release|x64.Build.0 = Release|x64
		{D0538C44-00A6-4B98-8E5D-36990C981F66}.Release|x86.ActiveCfg = Release|x86
		{D0538C44-00A6-4B98-8E5D-36990C981F66}.Release|x86.Build.0 = Release|x86
		{D0538C44-00A6-4B98-8E5D-36990C981F66}.RelWithDebInfo|ARM64.ActiveCfg = Release|ARM64
		{D0538C44-00A6-4B98-8E5D-36990C981F66}.RelWithDebInfo|ARM64.Build.0 = Release|ARM64
		{D0538C44-00A6-4B98-8E5D-36990C981F66}.RelWithDebInfo|x64.ActiveCfg = Release|x64
		{D0538C44-00A6-4B98-8E5D-36990C981F66}.RelWithDebInfo|x64.Build.0 = Release|x64
		{D0538C44-00A6-4B98-8E5D-36990C981F66}.RelWithDebInfo|x86.ActiveCfg = Release|x86
		{D0538C44-00A6-4B98-8E5D-36990C981F66}.RelWithDebInfo|x86.Build.0 = Release|x86
		{FBDF9107-4348-45A3-B4DB-526667655B52}.Debug|ARM64.ActiveCfg = Debug|x64
		{FBDF9107-4348-45A3-B4DB-526667655B52}.Debug|ARM64.Build.0 = Debug|x64
		{FBDF9107-4348-45A3-B4DB-526667655B52}.Debug|x64.ActiveCfg = Debug|x64
		{FBDF9107-4348-45A3-B4DB-526667655B52}.Debug|x64.Build.0 = Debug|x64
		{FBDF9107-4348-45A3-B4DB-526667655B52}.Debug|x86.ActiveCfg = Debug|x64
		{FBDF9107-4348-45A3-B4DB-526667655B52}.Debug|x86.Build.0 = Debug|x64
		{FBDF9107-4348-45A3-B4DB-526667655B52}.MinSizeRel|ARM64.ActiveCfg = Debug|x64
		{FBDF9107-4348-45A3-B4DB-526667655B52}.MinSizeRel|ARM64.Build.0 = Debug|x64
		{FBDF9107-4348-45A3-B4DB-526667655B52}.MinSizeRel|x64.ActiveCfg = Debug|x64
		{FBDF9107-4348-45A3-B4DB-526667655B52}.MinSizeRel|x64.Build.0 = Debug|x64
		{FBDF9107-4348-45A3-B4DB-526667655B52}.MinSizeRel|x86.ActiveCfg = Debug|x64
		{FBDF9107-4348-45A3-B4DB-526667655B52}.MinSizeRel|x86.Build.0 = Debug|x64
		{FBDF9107-4348-45A3-B4DB-526667655B52}.Release|ARM64.ActiveCfg = Release|x64
		{FBDF9107-4348-45A3-B4DB-526667655B52}.Release|ARM64.Build.0 = Release|x64
		{FBDF9107-4348-45A3-B4DB-526667655B52}.Release|x64.ActiveCfg = Release|x64
		{FBDF9107-4348-45A3-B4DB-526667655B52}.Release|x64.Build.0 = Release|x64
		{FBDF9107-4348-45A3-B4DB-526667655B52}.Release|x86.ActiveCfg = Release|x64
		{FBDF9107-4348-45A3-B4DB-526667655B52}.Release|x86.Build.0 = Release|x64
		{FBDF9107-4348-45A3-B4DB-526667655B52}.RelWithDebInfo|ARM64.ActiveCfg = Release|x64
		{FBDF9107-4348-45A3-B4DB-526667655B52}.RelWithDebInfo|ARM64.Build.0 = Release|x64
		{FBDF9107-4348-45A3-B4DB-526667655B52}.RelWithDebInfo|x64.ActiveCfg = Release|x64
		{FBDF9107-4348-45A3-B4DB-526667655B52}.RelWithDebInfo|x64.Build.0 = Release|x64
		{FBDF9107-4348-45A3-B4DB-526667655B52}.RelWithDebInfo|x86.ActiveCfg = Release|x64
		{FBDF9107-4348-45A3-B4DB-526667655B52}.RelWithDebInfo|x86.Build.0 = Release|x64
		{1047B5D5-CF87-3F35-AF23-A5039A37DFEC}.Debug|ARM64.ActiveCfg = Debug|x64
		{1047B5D5-CF87-3F35-AF23-A5039A37DFEC}.Debug|ARM64.Build.0 = Debug|x64
		{1047B5D5-CF87-3F35-AF23-A5039A37DFEC}.Debug|x64.ActiveCfg = Debug|x64
		{1047B5D5-CF87-3F35-AF23-A5039A37DFEC}.Debug|x64.Build.0 = Debug|x64
		{1047B5D5-CF87-3F35-AF23-A5039A37DFEC}.Debug|x86.ActiveCfg = Debug|x64
		{1047B5D5-CF87-3F35-AF23-A5039A37DFEC}.Debug|x86.Build.0 = Debug|x64
		{1047B5D5-CF87-3F35-AF23-A5039A37DFEC}.MinSizeRel|ARM64.ActiveCfg = MinSizeRel|x64
		{1047B5D5-CF87-3F35-AF23-A5039A37DFEC}.MinSizeRel|ARM64.Build.0 = MinSizeRel|x64
		{1047B5D5-CF87-3F35-AF23-A5039A37DFEC}.MinSizeRel|x64.ActiveCfg = MinSizeRel|x64
		{1047B5D5-CF87-3F35-AF23-A5039A37DFEC}.MinSizeRel|x64.Build.0 = MinSizeRel|x64
		{1047B5D5-CF87-3F35-AF23-A5039A37DFEC}.MinSizeRel|x86.ActiveCfg = MinSizeRel|x64
		{1047B5D5-CF87-3F35-AF23-A5039A37DFEC}.MinSizeRel|x86.Build.0 = MinSizeRel|x64
		{1047B5D5-CF87-3F35-AF23-A5039A37DFEC}.Release|ARM64.ActiveCfg = Release|x64
		{1047B5D5-CF87-3F35-AF23-A5039A37DFEC}.Release|ARM64.Build.0 = Release|x64
		{1047B5D5-CF87-3F35-AF23-A5039A37DFEC}.Release|x64.ActiveCfg = Release|x64
		{1047B5D5-CF87-3F35-AF23-A5039A37DFEC}.Release|x64.Build.0 = Release|x64
		{1047B5D5-CF87-3F35-AF23-A5039A37DFEC}.Release|x86.ActiveCfg = Release|x64
		{1047B5D5-CF87-3F35-AF23-A5039A37DFEC}.Release|x86.Build.0 = Release|x64
		{1047B5D5-CF87-3F35-AF23-A5039A37DFEC}.RelWithDebInfo|ARM64.ActiveCfg = RelWithDebInfo|x64
		{1047B5D5-CF87-3F35-AF23-A5039A37DFEC}.RelWithDebInfo|ARM64.Build.0 = RelWithDebInfo|x64
		{1047B5D5-CF87-3F35-AF23-A5039A37DFEC}.RelWithDebInfo|x64.ActiveCfg = RelWithDebInfo|x64
		{1047B5D5-CF87-3F35-AF23-A5039A37DFEC}.RelWithDebInfo|x64.Build.0 = RelWithDebInfo|x64
		{1047B5D5-CF87-3F35-AF23-A5039A37DFEC}.RelWithDebInfo|x86.ActiveCfg = RelWithDebInfo|x64
		{1047B5D5-CF87-3F35-AF23-A5039A37DFEC}.RelWithDebInfo|x86.Build.0 = RelWithDebInfo|x64
	EndGlobalSection
	GlobalSection(SolutionProperties) = preSolution
		HideSolutionNode = FALSE
	EndGlobalSection
	GlobalSection(ExtensibilityGlobals) = postSolution
		SolutionGuid = {747BDEE0-D615-4E47-8910-D37B32C83703}
	EndGlobalSection
EndGlobal
